
Microsoft Visual Studio Solution File, Format Version 12.00
# Visual Studio 15
VisualStudioVersion = 15.0.28307.489
MinimumVisualStudioVersion = 10.0.40219.1
Project("{FAE04EC0-301F-11D3-BF4B-00C04F79EFBC}") = "Encopsulation", "Encopsulation\Encopsulation.csproj", "{2D42184F-E3D5-46E0-B805-C7F45D754C62}"
EndProject
Global
	GlobalSection(SolutionConfigurationPlatforms) = preSolution
		Debug|Any CPU = Debug|Any CPU
		Release|Any CPU = Release|Any CPU
	EndGlobalSection
	GlobalSection(ProjectConfigurationPlatforms) = postSolution
		{2D42184F-E3D5-46E0-B805-C7F45D754C62}.Debug|Any CPU.ActiveCfg = Debug|Any CPU
		{2D42184F-E3D5-46E0-B805-C7F45D754C62}.Debug|Any CPU.Build.0 = Debug|Any CPU
		{2D42184F-E3D5-46E0-B805-C7F45D754C62}.Release|Any CPU.ActiveCfg = Release|Any CPU
		{2D42184F-E3D5-46E0-B805-C7F45D754C62}.Release|Any CPU.Build.0 = Release|Any CPU
	EndGlobalSection
	GlobalSection(SolutionProperties) = preSolution
		HideSolutionNode = FALSE
	EndGlobalSection
	GlobalSection(ExtensibilityGlobals) = postSolution
		SolutionGuid = {3FC8DFD0-7B63-4DB6-862E-3364C6B89A36}
	EndGlobalSection
EndGlobal
